
Microsoft Visual Studio Solution File, Format Version 12.00
# Visual Studio Version 17
VisualStudioVersion = 17.14.36301.6
MinimumVisualStudioVersion = 10.0.40219.1
Project("{FAE04EC0-301F-11D3-BF4B-00C04F79EFBC}") = "DoubleSidedDoors", "DoubleSidedDoors\DoubleSidedDoors.csproj", "{537D0C05-FFA9-4C92-AFF1-045B9C547B45}"
EndProject
Global
	GlobalSection(SolutionConfigurationPlatforms) = preSolution
		Debug|Any CPU = Debug|Any CPU
		Release|Any CPU = Release|Any CPU
	EndGlobalSection
	GlobalSection(ProjectConfigurationPlatforms) = postSolution
		{537D0C05-FFA9-4C92-AFF1-045B9C547B45}.Debug|Any CPU.ActiveCfg = Debug|x64
		{537D0C05-FFA9-4C92-AFF1-045B9C547B45}.Debug|Any CPU.Build.0 = Debug|x64
		{537D0C05-FFA9-4C92-AFF1-045B9C547B45}.Release|Any CPU.ActiveCfg = Release|Any CPU
		{537D0C05-FFA9-4C92-AFF1-045B9C547B45}.Release|Any CPU.Build.0 = Release|Any CPU
	EndGlobalSection
	GlobalSection(SolutionProperties) = preSolution
		HideSolutionNode = FALSE
	EndGlobalSection
	GlobalSection(ExtensibilityGlobals) = postSolution
		SolutionGuid = {C9A564F8-8DE4-40E7-81A0-843A5B37CA4B}
	EndGlobalSection
EndGlobal
